<Solution>
  <Project Path="src/TypeScript.Compiler/TypeScript.Compiler.csproj" />
  <Project Path="tests/TypeScript.Compatibility/TypeScript.Compatibility.csproj" />
  <Project Path="tests/TypeScript.RegularExpression/TypeScript.RegularExpression.csproj" />
  <Project Path="tests/TypeScript.SourceMetadata/TypeScript.SourceMetadata.csproj" />
</Solution>
