{
    "version": 1,
    "dependencies": {
        "net11.0": {
            "Microsoft.NET.ILLink.Tasks": {
                "type": "Direct",
                "requested": "[11.0.0-rc.2.26470.103, )",
                "resolved": "11.0.0-rc.2.26470.103",
                "contentHash": "jpVQB6z+uPMdb4K7LHoSCEPhj2UH/AVBgbDl0j2kLqJ6yFANKHPWYeyLH7JnNC5qxQkkfBHFph5KAO2W2W4NSw=="
            },
            "System.IO.Hashing": {
                "type": "Direct",
                "requested": "[11.0.0-rc.2.26470.103, )",
                "resolved": "11.0.0-rc.2.26470.103",
                "contentHash": "iMhM4rtD/Y7+/HEiwSMs+8Op5W05cS1v5oBdhjTsLLJkMtkRYHz9dE6TAGflro8pPKNUYsYrhxR9YcUZfoKciA=="
            }
        },
        "net11.0/win-x64": {}
    }
}
