{
  "version": 1,
  "dependencies": {
    "net11.0": {
      "Microsoft.NET.ILLink.Tasks": {
        "type": "Direct",
        "requested": "[11.0.0-rtm.26473.115, )",
        "resolved": "11.0.0-rtm.26473.115",
        "contentHash": "C1prGSj8m+V43n39wDb6fjHuLq6cjT22y1aqUryk5IMEkDyDUVS7/pKZA6WgwU4sgarFWhLRtvCkjTLFhyokLQ=="
      },
      "System.IO.Hashing": {
        "type": "Transitive",
        "resolved": "11.0.0-rc.2.26470.103",
        "contentHash": "iMhM4rtD/Y7+/HEiwSMs+8Op5W05cS1v5oBdhjTsLLJkMtkRYHz9dE6TAGflro8pPKNUYsYrhxR9YcUZfoKciA=="
      },
      "typescript.compiler": {
        "type": "Project",
        "dependencies": {
          "System.IO.Hashing": "[11.0.0-rc.2.26470.103, )"
        }
      }
    }
  }
}